
Microsoft Visual Studio Solution File, Format Version 12.00
# Visual Studio Version 16
VisualStudioVersion = 16.0.31005.135
MinimumVisualStudioVersion = 10.0.40219.1
Project("{9A19103F-16F7-4668-BE54-9A1E7A4F7556}") = "AutoTrader.StockProvider.Kiwoom", "AutoTrader.StockProvider.Kiwoom\AutoTrader.StockProvider.Kiwoom.csproj", "{F6F94959-C2F7-40A7-991D-DA9977500736}"
EndProject
Project("{9A19103F-16F7-4668-BE54-9A1E7A4F7556}") = "AutoTrader.Core", "AutoTrader.Core\AutoTrader.Core.csproj", "{F951E8C2-67BD-4B14-9F14-25615907ACD9}"
EndProject
Project("{9A19103F-16F7-4668-BE54-9A1E7A4F7556}") = "AutoTrader.Test", "AutoTrader.Test\AutoTrader.Test.csproj", "{0C9FDB88-4EF6-4ED0-8186-5A0050BCB2E6}"
EndProject
Global
	GlobalSection(SolutionConfigurationPlatforms) = preSolution
		Debug|Any CPU = Debug|Any CPU
		Debug|x86 = Debug|x86
		Release|Any CPU = Release|Any CPU
		Release|x86 = Release|x86
	EndGlobalSection
	GlobalSection(ProjectConfigurationPlatforms) = postSolution
		{F6F94959-C2F7-40A7-991D-DA9977500736}.Debug|Any CPU.ActiveCfg = Debug|Any CPU
		{F6F94959-C2F7-40A7-991D-DA9977500736}.Debug|Any CPU.Build.0 = Debug|Any CPU
		{F6F94959-C2F7-40A7-991D-DA9977500736}.Debug|x86.ActiveCfg = Debug|x86
		{F6F94959-C2F7-40A7-991D-DA9977500736}.Debug|x86.Build.0 = Debug|x86
		{F6F94959-C2F7-40A7-991D-DA9977500736}.Release|Any CPU.ActiveCfg = Release|Any CPU
		{F6F94959-C2F7-40A7-991D-DA9977500736}.Release|Any CPU.Build.0 = Release|Any CPU
		{F6F94959-C2F7-40A7-991D-DA9977500736}.Release|x86.ActiveCfg = Release|x86
		{F6F94959-C2F7-40A7-991D-DA9977500736}.Release|x86.Build.0 = Release|x86
		{F951E8C2-67BD-4B14-9F14-25615907ACD9}.Debug|Any CPU.ActiveCfg = Debug|Any CPU
		{F951E8C2-67BD-4B14-9F14-25615907ACD9}.Debug|Any CPU.Build.0 = Debug|Any CPU
		{F951E8C2-67BD-4B14-9F14-25615907ACD9}.Debug|x86.ActiveCfg = Debug|x86
		{F951E8C2-67BD-4B14-9F14-25615907ACD9}.Debug|x86.Build.0 = Debug|x86
		{F951E8C2-67BD-4B14-9F14-25615907ACD9}.Release|Any CPU.ActiveCfg = Release|Any CPU
		{F951E8C2-67BD-4B14-9F14-25615907ACD9}.Release|Any CPU.Build.0 = Release|Any CPU
		{F951E8C2-67BD-4B14-9F14-25615907ACD9}.Release|x86.ActiveCfg = Release|x86
		{F951E8C2-67BD-4B14-9F14-25615907ACD9}.Release|x86.Build.0 = Release|x86
		{0C9FDB88-4EF6-4ED0-8186-5A0050BCB2E6}.Debug|Any CPU.ActiveCfg = Debug|Any CPU
		{0C9FDB88-4EF6-4ED0-8186-5A0050BCB2E6}.Debug|Any CPU.Build.0 = Debug|Any CPU
		{0C9FDB88-4EF6-4ED0-8186-5A0050BCB2E6}.Debug|x86.ActiveCfg = Debug|x86
		{0C9FDB88-4EF6-4ED0-8186-5A0050BCB2E6}.Debug|x86.Build.0 = Debug|x86
		{0C9FDB88-4EF6-4ED0-8186-5A0050BCB2E6}.Release|Any CPU.ActiveCfg = Release|Any CPU
		{0C9FDB88-4EF6-4ED0-8186-5A0050BCB2E6}.Release|Any CPU.Build.0 = Release|Any CPU
		{0C9FDB88-4EF6-4ED0-8186-5A0050BCB2E6}.Release|x86.ActiveCfg = Release|x86
		{0C9FDB88-4EF6-4ED0-8186-5A0050BCB2E6}.Release|x86.Build.0 = Release|x86
	EndGlobalSection
	GlobalSection(SolutionProperties) = preSolution
		HideSolutionNode = FALSE
	EndGlobalSection
	GlobalSection(ExtensibilityGlobals) = postSolution
		SolutionGuid = {1C4CDE57-0109-40AD-8C14-8B55ECFDA372}
	EndGlobalSection
EndGlobal
